
Microsoft Visual Studio Solution File, Format Version 12.00
# Visual Studio Version 16
VisualStudioVersion = 16.0.30717.126
MinimumVisualStudioVersion = 10.0.40219.1
Project("{9A19103F-16F7-4668-BE54-9A1E7A4F7556}") = "BlazorToDoList.Data", "BlazorToDoList.Data\BlazorToDoList.Data.csproj", "{EE77F939-98FF-4272-A059-2CC57866DCA0}"
EndProject
Project("{9A19103F-16F7-4668-BE54-9A1E7A4F7556}") = "BlazorToDoList.Test", "BlazorToDoList.Test\BlazorToDoList.Test.csproj", "{80A16989-A954-4C66-9F01-F42365674773}"
EndProject
Project("{9A19103F-16F7-4668-BE54-9A1E7A4F7556}") = "BlazorToDoList.Bl", "BlazorToDoList.Bl\BlazorToDoList.Bl.csproj", "{8E5E9037-A1B6-4F1B-9AA3-BD3442526A5F}"
EndProject
Project("{9A19103F-16F7-4668-BE54-9A1E7A4F7556}") = "BlazorToDoList.Web.Server", "BlazorToDoList.Web\Server\BlazorToDoList.Web.Server.csproj", "{9D6C2F31-78B9-4767-83FA-9CBF932F7410}"
	ProjectSection(ProjectDependencies) = postProject
		{8E5E9037-A1B6-4F1B-9AA3-BD3442526A5F} = {8E5E9037-A1B6-4F1B-9AA3-BD3442526A5F}
		{EE77F939-98FF-4272-A059-2CC57866DCA0} = {EE77F939-98FF-4272-A059-2CC57866DCA0}
	EndProjectSection
EndProject
Project("{9A19103F-16F7-4668-BE54-9A1E7A4F7556}") = "BlazorToDoList.Web.Client", "BlazorToDoList.Web\Client\BlazorToDoList.Web.Client.csproj", "{8E9DD4A5-3561-4AEB-8850-A966461867FE}"
	ProjectSection(ProjectDependencies) = postProject
		{8E5E9037-A1B6-4F1B-9AA3-BD3442526A5F} = {8E5E9037-A1B6-4F1B-9AA3-BD3442526A5F}
	EndProjectSection
EndProject
Project("{9A19103F-16F7-4668-BE54-9A1E7A4F7556}") = "BlazorToDoList.IdentityServer", "BlazorToDoList.IdentityServer\BlazorToDoList.IdentityServer.csproj", "{F7D9AC8A-7367-48F4-A8C8-ABADF9C9C8AF}"
EndProject
Global
	GlobalSection(SolutionConfigurationPlatforms) = preSolution
		Debug|Any CPU = Debug|Any CPU
		Release|Any CPU = Release|Any CPU
	EndGlobalSection
	GlobalSection(ProjectConfigurationPlatforms) = postSolution
		{EE77F939-98FF-4272-A059-2CC57866DCA0}.Debug|Any CPU.ActiveCfg = Debug|Any CPU
		{EE77F939-98FF-4272-A059-2CC57866DCA0}.Debug|Any CPU.Build.0 = Debug|Any CPU
		{EE77F939-98FF-4272-A059-2CC57866DCA0}.Release|Any CPU.ActiveCfg = Release|Any CPU
		{EE77F939-98FF-4272-A059-2CC57866DCA0}.Release|Any CPU.Build.0 = Release|Any CPU
		{80A16989-A954-4C66-9F01-F42365674773}.Debug|Any CPU.ActiveCfg = Debug|Any CPU
		{80A16989-A954-4C66-9F01-F42365674773}.Debug|Any CPU.Build.0 = Debug|Any CPU
		{80A16989-A954-4C66-9F01-F42365674773}.Release|Any CPU.ActiveCfg = Release|Any CPU
		{80A16989-A954-4C66-9F01-F42365674773}.Release|Any CPU.Build.0 = Release|Any CPU
		{8E5E9037-A1B6-4F1B-9AA3-BD3442526A5F}.Debug|Any CPU.ActiveCfg = Debug|Any CPU
		{8E5E9037-A1B6-4F1B-9AA3-BD3442526A5F}.Debug|Any CPU.Build.0 = Debug|Any CPU
		{8E5E9037-A1B6-4F1B-9AA3-BD3442526A5F}.Release|Any CPU.ActiveCfg = Release|Any CPU
		{8E5E9037-A1B6-4F1B-9AA3-BD3442526A5F}.Release|Any CPU.Build.0 = Release|Any CPU
		{9D6C2F31-78B9-4767-83FA-9CBF932F7410}.Debug|Any CPU.ActiveCfg = Debug|Any CPU
		{9D6C2F31-78B9-4767-83FA-9CBF932F7410}.Debug|Any CPU.Build.0 = Debug|Any CPU
		{9D6C2F31-78B9-4767-83FA-9CBF932F7410}.Release|Any CPU.ActiveCfg = Release|Any CPU
		{9D6C2F31-78B9-4767-83FA-9CBF932F7410}.Release|Any CPU.Build.0 = Release|Any CPU
		{8E9DD4A5-3561-4AEB-8850-A966461867FE}.Debug|Any CPU.ActiveCfg = Debug|Any CPU
		{8E9DD4A5-3561-4AEB-8850-A966461867FE}.Debug|Any CPU.Build.0 = Debug|Any CPU
		{8E9DD4A5-3561-4AEB-8850-A966461867FE}.Release|Any CPU.ActiveCfg = Release|Any CPU
		{8E9DD4A5-3561-4AEB-8850-A966461867FE}.Release|Any CPU.Build.0 = Release|Any CPU
		{F7D9AC8A-7367-48F4-A8C8-ABADF9C9C8AF}.Debug|Any CPU.ActiveCfg = Debug|Any CPU
		{F7D9AC8A-7367-48F4-A8C8-ABADF9C9C8AF}.Debug|Any CPU.Build.0 = Debug|Any CPU
		{F7D9AC8A-7367-48F4-A8C8-ABADF9C9C8AF}.Release|Any CPU.ActiveCfg = Release|Any CPU
		{F7D9AC8A-7367-48F4-A8C8-ABADF9C9C8AF}.Release|Any CPU.Build.0 = Release|Any CPU
	EndGlobalSection
	GlobalSection(SolutionProperties) = preSolution
		HideSolutionNode = FALSE
	EndGlobalSection
	GlobalSection(ExtensibilityGlobals) = postSolution
		SolutionGuid = {3D5472FF-A185-4D69-BDE2-4720BEDE6AFD}
	EndGlobalSection
EndGlobal
